
Microsoft Visual Studio Solution File, Format Version 12.00
# Visual Studio 15
VisualStudioVersion = 15.0.26124.0
MinimumVisualStudioVersion = 15.0.26124.0
Project("{FAE04EC0-301F-11D3-BF4B-00C04F79EFBC}") = "ENode.RabbitMQ", "ENode.RabbitMQ\ENode.RabbitMQ.csproj", "{EE671C16-8091-4290-9C05-76B3305DB39D}"
EndProject
Project("{2150E333-8FDC-42A3-9474-1A3956D46DE8}") = "Samples", "Samples", "{16AA9CA1-0A35-4A5D-B07E-CF2E96B58773}"
EndProject
Project("{FAE04EC0-301F-11D3-BF4B-00C04F79EFBC}") = "BankTransferSample", "Samples\BankTransferSample\BankTransferSample.csproj", "{69B7E203-9FB4-4911-9972-A9405761EADF}"
EndProject
Project("{FAE04EC0-301F-11D3-BF4B-00C04F79EFBC}") = "BankTransferSample2", "Samples\BankTransferSample2\BankTransferSample2.csproj", "{D919CCB2-CD7B-4640-B9B3-AB45122215D0}"
EndProject
Global
	GlobalSection(SolutionConfigurationPlatforms) = preSolution
		Debug|Any CPU = Debug|Any CPU
		Debug|x64 = Debug|x64
		Debug|x86 = Debug|x86
		Release|Any CPU = Release|Any CPU
		Release|x64 = Release|x64
		Release|x86 = Release|x86
	EndGlobalSection
	GlobalSection(SolutionProperties) = preSolution
		HideSolutionNode = FALSE
	EndGlobalSection
	GlobalSection(ProjectConfigurationPlatforms) = postSolution
		{EE671C16-8091-4290-9C05-76B3305DB39D}.Debug|Any CPU.ActiveCfg = Debug|Any CPU
		{EE671C16-8091-4290-9C05-76B3305DB39D}.Debug|Any CPU.Build.0 = Debug|Any CPU
		{EE671C16-8091-4290-9C05-76B3305DB39D}.Debug|x64.ActiveCfg = Debug|Any CPU
		{EE671C16-8091-4290-9C05-76B3305DB39D}.Debug|x64.Build.0 = Debug|Any CPU
		{EE671C16-8091-4290-9C05-76B3305DB39D}.Debug|x86.ActiveCfg = Debug|Any CPU
		{EE671C16-8091-4290-9C05-76B3305DB39D}.Debug|x86.Build.0 = Debug|Any CPU
		{EE671C16-8091-4290-9C05-76B3305DB39D}.Release|Any CPU.ActiveCfg = Release|Any CPU
		{EE671C16-8091-4290-9C05-76B3305DB39D}.Release|Any CPU.Build.0 = Release|Any CPU
		{EE671C16-8091-4290-9C05-76B3305DB39D}.Release|x64.ActiveCfg = Release|Any CPU
		{EE671C16-8091-4290-9C05-76B3305DB39D}.Release|x64.Build.0 = Release|Any CPU
		{EE671C16-8091-4290-9C05-76B3305DB39D}.Release|x86.ActiveCfg = Release|Any CPU
		{EE671C16-8091-4290-9C05-76B3305DB39D}.Release|x86.Build.0 = Release|Any CPU
		{69B7E203-9FB4-4911-9972-A9405761EADF}.Debug|Any CPU.ActiveCfg = Debug|Any CPU
		{69B7E203-9FB4-4911-9972-A9405761EADF}.Debug|Any CPU.Build.0 = Debug|Any CPU
		{69B7E203-9FB4-4911-9972-A9405761EADF}.Debug|x64.ActiveCfg = Debug|Any CPU
		{69B7E203-9FB4-4911-9972-A9405761EADF}.Debug|x64.Build.0 = Debug|Any CPU
		{69B7E203-9FB4-4911-9972-A9405761EADF}.Debug|x86.ActiveCfg = Debug|Any CPU
		{69B7E203-9FB4-4911-9972-A9405761EADF}.Debug|x86.Build.0 = Debug|Any CPU
		{69B7E203-9FB4-4911-9972-A9405761EADF}.Release|Any CPU.ActiveCfg = Release|Any CPU
		{69B7E203-9FB4-4911-9972-A9405761EADF}.Release|Any CPU.Build.0 = Release|Any CPU
		{69B7E203-9FB4-4911-9972-A9405761EADF}.Release|x64.ActiveCfg = Release|Any CPU
		{69B7E203-9FB4-4911-9972-A9405761EADF}.Release|x64.Build.0 = Release|Any CPU
		{69B7E203-9FB4-4911-9972-A9405761EADF}.Release|x86.ActiveCfg = Release|Any CPU
		{69B7E203-9FB4-4911-9972-A9405761EADF}.Release|x86.Build.0 = Release|Any CPU
		{D919CCB2-CD7B-4640-B9B3-AB45122215D0}.Debug|Any CPU.ActiveCfg = Debug|Any CPU
		{D919CCB2-CD7B-4640-B9B3-AB45122215D0}.Debug|Any CPU.Build.0 = Debug|Any CPU
		{D919CCB2-CD7B-4640-B9B3-AB45122215D0}.Debug|x64.ActiveCfg = Debug|Any CPU
		{D919CCB2-CD7B-4640-B9B3-AB45122215D0}.Debug|x64.Build.0 = Debug|Any CPU
		{D919CCB2-CD7B-4640-B9B3-AB45122215D0}.Debug|x86.ActiveCfg = Debug|Any CPU
		{D919CCB2-CD7B-4640-B9B3-AB45122215D0}.Debug|x86.Build.0 = Debug|Any CPU
		{D919CCB2-CD7B-4640-B9B3-AB45122215D0}.Release|Any CPU.ActiveCfg = Release|Any CPU
		{D919CCB2-CD7B-4640-B9B3-AB45122215D0}.Release|Any CPU.Build.0 = Release|Any CPU
		{D919CCB2-CD7B-4640-B9B3-AB45122215D0}.Release|x64.ActiveCfg = Release|Any CPU
		{D919CCB2-CD7B-4640-B9B3-AB45122215D0}.Release|x64.Build.0 = Release|Any CPU
		{D919CCB2-CD7B-4640-B9B3-AB45122215D0}.Release|x86.ActiveCfg = Release|Any CPU
		{D919CCB2-CD7B-4640-B9B3-AB45122215D0}.Release|x86.Build.0 = Release|Any CPU
	EndGlobalSection
	GlobalSection(NestedProjects) = preSolution
		{69B7E203-9FB4-4911-9972-A9405761EADF} = {16AA9CA1-0A35-4A5D-B07E-CF2E96B58773}
		{D919CCB2-CD7B-4640-B9B3-AB45122215D0} = {16AA9CA1-0A35-4A5D-B07E-CF2E96B58773}
	EndGlobalSection
EndGlobal
